// !$*UTF8*$!
{
	archiveVersion = 1;
	classes = {
	};
	objectVersion = 55;
	objects = {

/* Begin PBXBuildFile section */
		556EBAEE27FF4F460048E454 /* AppDelegate.swift in Sources */ = {isa = PBXBuildFile; fileRef = 556EBAED27FF4F460048E454 /* AppDelegate.swift */; };
		556EBAF027FF4F460048E454 /* SceneDelegate.swift in Sources */ = {isa = PBXBuildFile; fileRef = 556EBAEF27FF4F460048E454 /* SceneDelegate.swift */; };
		556EBAF227FF4F460048E454 /* ViewController.swift in Sources */ = {isa = PBXBuildFile; fileRef = 556EBAF127FF4F460048E454 /* ViewController.swift */; };
		556EBAF527FF4F460048E454 /* Main.storyboard in Resources */ = {isa = PBXBuildFile; fileRef = 556EBAF327FF4F460048E454 /* Main.storyboard */; };
		556EBAF827FF4F460048E454 /* GBCourseFive.xcdatamodeld in Sources */ = {isa = PBXBuildFile; fileRef = 556EBAF627FF4F460048E454 /* GBCourseFive.xcdatamodeld */; };
		556EBAFA27FF4F470048E454 /* Assets.xcassets in Resources */ = {isa = PBXBuildFile; fileRef = 556EBAF927FF4F470048E454 /* Assets.xcassets */; };
		556EBAFD27FF4F470048E454 /* LaunchScreen.storyboard in Resources */ = {isa = PBXBuildFile; fileRef = 556EBAFB27FF4F470048E454 /* LaunchScreen.storyboard */; };
		556EBB0527FF50810048E454 /* Question.swift in Sources */ = {isa = PBXBuildFile; fileRef = 556EBB0427FF50810048E454 /* Question.swift */; };
		556EBB0927FF5ACC0048E454 /* GameVC.swift in Sources */ = {isa = PBXBuildFile; fileRef = 556EBB0827FF5ACC0048E454 /* GameVC.swift */; };
		556EBB0B27FF6F760048E454 /* GameSingletone.swift in Sources */ = {isa = PBXBuildFile; fileRef = 556EBB0A27FF6F760048E454 /* GameSingletone.swift */; };
		556EBB1027FF72360048E454 /* DataGame.swift in Sources */ = {isa = PBXBuildFile; fileRef = 556EBB0F27FF72360048E454 /* DataGame.swift */; };
		556EBB1227FF78640048E454 /* AllResult.swift in Sources */ = {isa = PBXBuildFile; fileRef = 556EBB1127FF78630048E454 /* AllResult.swift */; };
		556EBB1427FF807C0048E454 /* Memento.swift in Sources */ = {isa = PBXBuildFile; fileRef = 556EBB1327FF807C0048E454 /* Memento.swift */; };
/* End PBXBuildFile section */

/* Begin PBXFileReference section */
		556EBAEA27FF4F460048E454 /* GBCourseFive.app */ = {isa = PBXFileReference; explicitFileType = wrapper.application; includeInIndex = 0; path = GBCourseFive.app; sourceTree = BUILT_PRODUCTS_DIR; };
		556EBAED27FF4F460048E454 /* AppDelegate.swift */ = {isa = PBXFileReference; lastKnownFileType = sourcecode.swift; path = AppDelegate.swift; sourceTree = "<group>"; };
		556EBAEF27FF4F460048E454 /* SceneDelegate.swift */ = {isa = PBXFileReference; lastKnownFileType = sourcecode.swift; path = SceneDelegate.swift; sourceTree = "<group>"; };
		556EBAF127FF4F460048E454 /* ViewController.swift */ = {isa = PBXFileReference; lastKnownFileType = sourcecode.swift; path = ViewController.swift; sourceTree = "<group>"; };
		556EBAF427FF4F460048E454 /* Base */ = {isa = PBXFileReference; lastKnownFileType = file.storyboard; name = Base; path = Base.lproj/Main.storyboard; sourceTree = "<group>"; };
		556EBAF727FF4F460048E454 /* GBCourseFive.xcdatamodel */ = {isa = PBXFileReference; lastKnownFileType = wrapper.xcdatamodel; path = GBCourseFive.xcdatamodel; sourceTree = "<group>"; };
		556EBAF927FF4F470048E454 /* Assets.xcassets */ = {isa = PBXFileReference; lastKnownFileType = folder.assetcatalog; path = Assets.xcassets; sourceTree = "<group>"; };
		556EBAFC27FF4F470048E454 /* Base */ = {isa = PBXFileReference; lastKnownFileType = file.storyboard; name = Base; path = Base.lproj/LaunchScreen.storyboard; sourceTree = "<group>"; };
		556EBAFE27FF4F470048E454 /* Info.plist */ = {isa = PBXFileReference; lastKnownFileType = text.plist.xml; path = Info.plist; sourceTree = "<group>"; };
		556EBB0427FF50810048E454 /* Question.swift */ = {isa = PBXFileReference; lastKnownFileType = sourcecode.swift; path = Question.swift; sourceTree = "<group>"; };
		556EBB0827FF5ACC0048E454 /* GameVC.swift */ = {isa = PBXFileReference; lastKnownFileType = sourcecode.swift; path = GameVC.swift; sourceTree = "<group>"; };
		556EBB0A27FF6F760048E454 /* GameSingletone.swift */ = {isa = PBXFileReference; lastKnownFileType = sourcecode.swift; path = GameSingletone.swift; sourceTree = "<group>"; };
		556EBB0F27FF72360048E454 /* DataGame.swift */ = {isa = PBXFileReference; lastKnownFileType = sourcecode.swift; path = DataGame.swift; sourceTree = "<group>"; };
		556EBB1127FF78630048E454 /* AllResult.swift */ = {isa = PBXFileReference; lastKnownFileType = sourcecode.swift; path = AllResult.swift; sourceTree = "<group>"; };
		556EBB1327FF807C0048E454 /* Memento.swift */ = {isa = PBXFileReference; lastKnownFileType = sourcecode.swift; path = Memento.swift; sourceTree = "<group>"; };
/* End PBXFileReference section */

/* Begin PBXFrameworksBuildPhase section */
		556EBAE727FF4F460048E454 /* Frameworks */ = {
			isa = PBXFrameworksBuildPhase;
			buildActionMask = 2147483647;
			files = (
			);
			runOnlyForDeploymentPostprocessing = 0;
		};
/* End PBXFrameworksBuildPhase section */

/* Begin PBXGroup section */
		556EBAE127FF4F460048E454 = {
			isa = PBXGroup;
			children = (
				556EBAEC27FF4F460048E454 /* GBCourseFive */,
				556EBAEB27FF4F460048E454 /* Products */,
			);
			sourceTree = "<group>";
		};
		556EBAEB27FF4F460048E454 /* Products */ = {
			isa = PBXGroup;
			children = (
				556EBAEA27FF4F460048E454 /* GBCourseFive.app */,
			);
			name = Products;
			sourceTree = "<group>";
		};
		556EBAEC27FF4F460048E454 /* GBCourseFive */ = {
			isa = PBXGroup;
			children = (
				556EBAED27FF4F460048E454 /* AppDelegate.swift */,
				556EBAEF27FF4F460048E454 /* SceneDelegate.swift */,
				556EBB0627FF5AAA0048E454 /* Model */,
				556EBB0727FF5AB90048E454 /* VC */,
				556EBAF327FF4F460048E454 /* Main.storyboard */,
				556EBAF927FF4F470048E454 /* Assets.xcassets */,
				556EBAFB27FF4F470048E454 /* LaunchScreen.storyboard */,
				556EBAFE27FF4F470048E454 /* Info.plist */,
				556EBAF627FF4F460048E454 /* GBCourseFive.xcdatamodeld */,
			);
			path = GBCourseFive;
			sourceTree = "<group>";
		};
		556EBB0627FF5AAA0048E454 /* Model */ = {
			isa = PBXGroup;
			children = (
				556EBB0427FF50810048E454 /* Question.swift */,
			);
			path = Model;
			sourceTree = "<group>";
		};
		556EBB0727FF5AB90048E454 /* VC */ = {
			isa = PBXGroup;
			children = (
				556EBB0E27FF71AC0048E454 /* ModelSingleton */,
				556EBB1327FF807C0048E454 /* Memento.swift */,
				556EBAF127FF4F460048E454 /* ViewController.swift */,
				556EBB0827FF5ACC0048E454 /* GameVC.swift */,
				556EBB1127FF78630048E454 /* AllResult.swift */,
			);
			path = VC;
			sourceTree = "<group>";
		};
		556EBB0E27FF71AC0048E454 /* ModelSingleton */ = {
			isa = PBXGroup;
			children = (
				556EBB0F27FF72360048E454 /* DataGame.swift */,
				556EBB0A27FF6F760048E454 /* GameSingletone.swift */,
			);
			path = ModelSingleton;
			sourceTree = "<group>";
		};
/* End PBXGroup section */

/* Begin PBXNativeTarget section */
		556EBAE927FF4F460048E454 /* GBCourseFive */ = {
			isa = PBXNativeTarget;
			buildConfigurationList = 556EBB0127FF4F470048E454 /* Build configuration list for PBXNativeTarget "GBCourseFive" */;
			buildPhases = (
				556EBAE627FF4F460048E454 /* Sources */,
				556EBAE727FF4F460048E454 /* Frameworks */,
				556EBAE827FF4F460048E454 /* Resources */,
			);
			buildRules = (
			);
			dependencies = (
			);
			name = GBCourseFive;
			productName = GBCourseFive;
			productReference = 556EBAEA27FF4F460048E454 /* GBCourseFive.app */;
			productType = "com.apple.product-type.application";
		};
/* End PBXNativeTarget section */

/* Begin PBXProject section */
		556EBAE227FF4F460048E454 /* Project object */ = {
			isa = PBXProject;
			attributes = {
				BuildIndependentTargetsInParallel = 1;
				LastSwiftUpdateCheck = 1320;
				LastUpgradeCheck = 1320;
				TargetAttributes = {
					556EBAE927FF4F460048E454 = {
						CreatedOnToolsVersion = 13.2.1;
					};
				};
			};
			buildConfigurationList = 556EBAE527FF4F460048E454 /* Build configuration list for PBXProject "GBCourseFive" */;
			compatibilityVersion = "Xcode 13.0";
			developmentRegion = en;
			hasScannedForEncodings = 0;
			knownRegions = (
				en,
				Base,
			);
			mainGroup = 556EBAE127FF4F460048E454;
			productRefGroup = 556EBAEB27FF4F460048E454 /* Products */;
			projectDirPath = "";
			projectRoot = "";
			targets = (
				556EBAE927FF4F460048E454 /* GBCourseFive */,
			);
		};
/* End PBXProject section */

/* Begin PBXResourcesBuildPhase section */
		556EBAE827FF4F460048E454 /* Resources */ = {
			isa = PBXResourcesBuildPhase;
			buildActionMask = 2147483647;
			files = (
				556EBAFD27FF4F470048E454 /* LaunchScreen.storyboard in Resources */,
				556EBAFA27FF4F470048E454 /* Assets.xcassets in Resources */,
				556EBAF527FF4F460048E454 /* Main.storyboard in Resources */,
			);
			runOnlyForDeploymentPostprocessing = 0;
		};
/* End PBXResourcesBuildPhase section */

/* Begin PBXSourcesBuildPhase section */
		556EBAE627FF4F460048E454 /* Sources */ = {
			isa = PBXSourcesBuildPhase;
			buildActionMask = 2147483647;
			files = (
				556EBB0527FF50810048E454 /* Question.swift in Sources */,
				556EBB1027FF72360048E454 /* DataGame.swift in Sources */,
				556EBB0B27FF6F760048E454 /* GameSingletone.swift in Sources */,
				556EBAF227FF4F460048E454 /* ViewController.swift in Sources */,
				556EBAF827FF4F460048E454 /* GBCourseFive.xcdatamodeld in Sources */,
				556EBAEE27FF4F460048E454 /* AppDelegate.swift in Sources */,
				556EBB0927FF5ACC0048E454 /* GameVC.swift in Sources */,
				556EBB1427FF807C0048E454 /* Memento.swift in Sources */,
				556EBB1227FF78640048E454 /* AllResult.swift in Sources */,
				556EBAF027FF4F460048E454 /* SceneDelegate.swift in Sources */,
			);
			runOnlyForDeploymentPostprocessing = 0;
		};
/* End PBXSourcesBuildPhase section */

/* Begin PBXVariantGroup section */
		556EBAF327FF4F460048E454 /* Main.storyboard */ = {
			isa = PBXVariantGroup;
			children = (
				556EBAF427FF4F460048E454 /* Base */,
			);
			name = Main.storyboard;
			sourceTree = "<group>";
		};
		556EBAFB27FF4F470048E454 /* LaunchScreen.storyboard */ = {
			isa = PBXVariantGroup;
			children = (
				556EBAFC27FF4F470048E454 /* Base */,
			);
			name = LaunchScreen.storyboard;
			sourceTree = "<group>";
		};
/* End PBXVariantGroup section */

/* Begin XCBuildConfiguration section */
		556EBAFF27FF4F470048E454 /* Debug */ = {
			isa = XCBuildConfiguration;
			buildSettings = {
				ALWAYS_SEARCH_USER_PATHS = NO;
				CLANG_ANALYZER_NONNULL = YES;
				CLANG_ANALYZER_NUMBER_OBJECT_CONVERSION = YES_AGGRESSIVE;
				CLANG_CXX_LANGUAGE_STANDARD = "gnu++17";
				CLANG_CXX_LIBRARY = "libc++";
				CLANG_ENABLE_MODULES = YES;
				CLANG_ENABLE_OBJC_ARC = YES;
				CLANG_ENABLE_OBJC_WEAK = YES;
				CLANG_WARN_BLOCK_CAPTURE_AUTORELEASING = YES;
				CLANG_WARN_BOOL_CONVERSION = YES;
				CLANG_WARN_COMMA = YES;
				CLANG_WARN_CONSTANT_CONVERSION = YES;
				CLANG_WARN_DEPRECATED_OBJC_IMPLEMENTATIONS = YES;
				CLANG_WARN_DIRECT_OBJC_ISA_USAGE = YES_ERROR;
				CLANG_WARN_DOCUMENTATION_COMMENTS = YES;
				CLANG_WARN_EMPTY_BODY = YES;
				CLANG_WARN_ENUM_CONVERSION = YES;
				CLANG_WARN_INFINITE_RECURSION = YES;
				CLANG_WARN_INT_CONVERSION = YES;
				CLANG_WARN_NON_LITERAL_NULL_CONVERSION = YES;
				CLANG_WARN_OBJC_IMPLICIT_RETAIN_SELF = YES;
				CLANG_WARN_OBJC_LITERAL_CONVERSION = YES;
				CLANG_WARN_OBJC_ROOT_CLASS = YES_ERROR;
				CLANG_WARN_QUOTED_INCLUDE_IN_FRAMEWORK_HEADER = YES;
				CLANG_WARN_RANGE_LOOP_ANALYSIS = YES;
				CLANG_WARN_STRICT_PROTOTYPES = YES;
				CLANG_WARN_SUSPICIOUS_MOVE = YES;
				CLANG_WARN_UNGUARDED_AVAILABILITY = YES_AGGRESSIVE;
				CLANG_WARN_UNREACHABLE_CODE = YES;
				CLANG_WARN__DUPLICATE_METHOD_MATCH = YES;
				COPY_PHASE_STRIP = NO;
				DEBUG_INFORMATION_FORMAT = dwarf;
				ENABLE_STRICT_OBJC_MSGSEND = YES;
				ENABLE_TESTABILITY = YES;
				GCC_C_LANGUAGE_STANDARD = gnu11;
				GCC_DYNAMIC_NO_PIC = NO;
				GCC_NO_COMMON_BLOCKS = YES;
				GCC_OPTIMIZATION_LEVEL = 0;
				GCC_PREPROCESSOR_DEFINITIONS = (
					"DEBUG=1",
					"$(inherited)",
				);
				GCC_WARN_64_TO_32_BIT_CONVERSION = YES;
				GCC_WARN_ABOUT_RETURN_TYPE = YES_ERROR;
				GCC_WARN_UNDECLARED_SELECTOR = YES;
				GCC_WARN_UNINITIALIZED_AUTOS = YES_AGGRESSIVE;
				GCC_WARN_UNUSED_FUNCTION = YES;
				GCC_WARN_UNUSED_VARIABLE = YES;
				IPHONEOS_DEPLOYMENT_TARGET = 15.2;
				MTL_ENABLE_DEBUG_INFO = INCLUDE_SOURCE;
				MTL_FAST_MATH = YES;
				ONLY_ACTIVE_ARCH = YES;
				SDKROOT = iphoneos;
				SWIFT_ACTIVE_COMPILATION_CONDITIONS = DEBUG;
				SWIFT_OPTIMIZATION_LEVEL = "-Onone";
			};
			name = Debug;
		};
		556EBB0027FF4F470048E454 /* Release */ = {
			isa = XCBuildConfiguration;
			buildSettings = {
				ALWAYS_SEARCH_USER_PATHS = NO;
				CLANG_ANALYZER_NONNULL = YES;
				CLANG_ANALYZER_NUMBER_OBJECT_CONVERSION = YES_AGGRESSIVE;
				CLANG_CXX_LANGUAGE_STANDARD = "gnu++17";
				CLANG_CXX_LIBRARY = "libc++";
				CLANG_ENABLE_MODULES = YES;
				CLANG_ENABLE_OBJC_ARC = YES;
				CLANG_ENABLE_OBJC_WEAK = YES;
				CLANG_WARN_BLOCK_CAPTURE_AUTORELEASING = YES;
				CLANG_WARN_BOOL_CONVERSION = YES;
				CLANG_WARN_COMMA = YES;
				CLANG_WARN_CONSTANT_CONVERSION = YES;
				CLANG_WARN_DEPRECATED_OBJC_IMPLEMENTATIONS = YES;
				CLANG_WARN_DIRECT_OBJC_ISA_USAGE = YES_ERROR;
				CLANG_WARN_DOCUMENTATION_COMMENTS = YES;
				CLANG_WARN_EMPTY_BODY = YES;
				CLANG_WARN_ENUM_CONVERSION = YES;
				CLANG_WARN_INFINITE_RECURSION = YES;
				CLANG_WARN_INT_CONVERSION = YES;
				CLANG_WARN_NON_LITERAL_NULL_CONVERSION = YES;
				CLANG_WARN_OBJC_IMPLICIT_RETAIN_SELF = YES;
				CLANG_WARN_OBJC_LITERAL_CONVERSION = YES;
				CLANG_WARN_OBJC_ROOT_CLASS = YES_ERROR;
				CLANG_WARN_QUOTED_INCLUDE_IN_FRAMEWORK_HEADER = YES;
				CLANG_WARN_RANGE_LOOP_ANALYSIS = YES;
				CLANG_WARN_STRICT_PROTOTYPES = YES;
				CLANG_WARN_SUSPICIOUS_MOVE = YES;
				CLANG_WARN_UNGUARDED_AVAILABILITY = YES_AGGRESSIVE;
				CLANG_WARN_UNREACHABLE_CODE = YES;
				CLANG_WARN__DUPLICATE_METHOD_MATCH = YES;
				COPY_PHASE_STRIP = NO;
				DEBUG_INFORMATION_FORMAT = "dwarf-with-dsym";
				ENABLE_NS_ASSERTIONS = NO;
				ENABLE_STRICT_OBJC_MSGSEND = YES;
				GCC_C_LANGUAGE_STANDARD = gnu11;
				GCC_NO_COMMON_BLOCKS = YES;
				GCC_WARN_64_TO_32_BIT_CONVERSION = YES;
				GCC_WARN_ABOUT_RETURN_TYPE = YES_ERROR;
				GCC_WARN_UNDECLARED_SELECTOR = YES;
				GCC_WARN_UNINITIALIZED_AUTOS = YES_AGGRESSIVE;
				GCC_WARN_UNUSED_FUNCTION = YES;
				GCC_WARN_UNUSED_VARIABLE = YES;
				IPHONEOS_DEPLOYMENT_TARGET = 15.2;
				MTL_ENABLE_DEBUG_INFO = NO;
				MTL_FAST_MATH = YES;
				SDKROOT = iphoneos;
				SWIFT_COMPILATION_MODE = wholemodule;
				SWIFT_OPTIMIZATION_LEVEL = "-O";
				VALIDATE_PRODUCT = YES;
			};
			name = Release;
		};
		556EBB0227FF4F470048E454 /* Debug */ = {
			isa = XCBuildConfiguration;
			buildSettings = {
				ASSETCATALOG_COMPILER_APPICON_NAME = AppIcon;
				ASSETCATALOG_COMPILER_GLOBAL_ACCENT_COLOR_NAME = AccentColor;
				CODE_SIGN_STYLE = Automatic;
				CURRENT_PROJECT_VERSION = 1;
				DEVELOPMENT_TEAM = 6DJ55G74KP;
				GENERATE_INFOPLIST_FILE = YES;
				INFOPLIST_FILE = GBCourseFive/Info.plist;
				INFOPLIST_KEY_UIApplicationSupportsIndirectInputEvents = YES;
				INFOPLIST_KEY_UILaunchStoryboardName = LaunchScreen;
				INFOPLIST_KEY_UIMainStoryboardFile = Main;
				INFOPLIST_KEY_UISupportedInterfaceOrientations_iPad = "UIInterfaceOrientationPortrait UIInterfaceOrientationPortraitUpsideDown UIInterfaceOrientationLandscapeLeft UIInterfaceOrientationLandscapeRight";
				INFOPLIST_KEY_UISupportedInterfaceOrientations_iPhone = "UIInterfaceOrientationPortrait UIInterfaceOrientationLandscapeLeft UIInterfaceOrientationLandscapeRight";
				LD_RUNPATH_SEARCH_PATHS = (
					"$(inherited)",
					"@executable_path/Frameworks",
				);
				MARKETING_VERSION = 1.0;
				PRODUCT_BUNDLE_IDENTIFIER = "-.GBCourseFive";
				PRODUCT_NAME = "$(TARGET_NAME)";
				SWIFT_EMIT_LOC_STRINGS = YES;
				SWIFT_VERSION = 5.0;
				TARGETED_DEVICE_FAMILY = "1,2";
			};
			name = Debug;
		};
		556EBB0327FF4F470048E454 /* Release */ = {
			isa = XCBuildConfiguration;
			buildSettings = {
				ASSETCATALOG_COMPILER_APPICON_NAME = AppIcon;
				ASSETCATALOG_COMPILER_GLOBAL_ACCENT_COLOR_NAME = AccentColor;
				CODE_SIGN_STYLE = Automatic;
				CURRENT_PROJECT_VERSION = 1;
				DEVELOPMENT_TEAM = 6DJ55G74KP;
				GENERATE_INFOPLIST_FILE = YES;
				INFOPLIST_FILE = GBCourseFive/Info.plist;
				INFOPLIST_KEY_UIApplicationSupportsIndirectInputEvents = YES;
				INFOPLIST_KEY_UILaunchStoryboardName = LaunchScreen;
				INFOPLIST_KEY_UIMainStoryboardFile = Main;
				INFOPLIST_KEY_UISupportedInterfaceOrientations_iPad = "UIInterfaceOrientationPortrait UIInterfaceOrientationPortraitUpsideDown UIInterfaceOrientationLandscapeLeft UIInterfaceOrientationLandscapeRight";
				INFOPLIST_KEY_UISupportedInterfaceOrientations_iPhone = "UIInterfaceOrientationPortrait UIInterfaceOrientationLandscapeLeft UIInterfaceOrientationLandscapeRight";
				LD_RUNPATH_SEARCH_PATHS = (
					"$(inherited)",
					"@executable_path/Frameworks",
				);
				MARKETING_VERSION = 1.0;
				PRODUCT_BUNDLE_IDENTIFIER = "-.GBCourseFive";
				PRODUCT_NAME = "$(TARGET_NAME)";
				SWIFT_EMIT_LOC_STRINGS = YES;
				SWIFT_VERSION = 5.0;
				TARGETED_DEVICE_FAMILY = "1,2";
			};
			name = Release;
		};
/* End XCBuildConfiguration section */

/* Begin XCConfigurationList section */
		556EBAE527FF4F460048E454 /* Build configuration list for PBXProject "GBCourseFive" */ = {
			isa = XCConfigurationList;
			buildConfigurations = (
				556EBAFF27FF4F470048E454 /* Debug */,
				556EBB0027FF4F470048E454 /* Release */,
			);
			defaultConfigurationIsVisible = 0;
			defaultConfigurationName = Release;
		};
		556EBB0127FF4F470048E454 /* Build configuration list for PBXNativeTarget "GBCourseFive" */ = {
			isa = XCConfigurationList;
			buildConfigurations = (
				556EBB0227FF4F470048E454 /* Debug */,
				556EBB0327FF4F470048E454 /* Release */,
			);
			defaultConfigurationIsVisible = 0;
			defaultConfigurationName = Release;
		};
/* End XCConfigurationList section */

/* Begin XCVersionGroup section */
		556EBAF627FF4F460048E454 /* GBCourseFive.xcdatamodeld */ = {
			isa = XCVersionGroup;
			children = (
				556EBAF727FF4F460048E454 /* GBCourseFive.xcdatamodel */,
			);
			currentVersion = 556EBAF727FF4F460048E454 /* GBCourseFive.xcdatamodel */;
			path = GBCourseFive.xcdatamodeld;
			sourceTree = "<group>";
			versionGroupType = wrapper.xcdatamodel;
		};
/* End XCVersionGroup section */
	};
	rootObject = 556EBAE227FF4F460048E454 /* Project object */;
}
